version: 6
environments:
  default:
    channels:
    - url: https://conda.anaconda.org/conda-forge/
    indexes:
    - https://pypi.org/simple
    packages:
      linux-64:
      - conda: https://conda.anaconda.org/conda-forge/linux-64/_libgcc_mutex-0.1-conda_forge.tar.bz2
      - conda: https://conda.anaconda.org/conda-forge/linux-64/_openmp_mutex-4.5-2_gnu.tar.bz2
      - conda: https://conda.anaconda.org/conda-forge/linux-64/bzip2-1.0.8-h4bc722e_7.conda
      - conda: https://conda.anaconda.org/conda-forge/noarch/ca-certificates-2025.8.3-hbd8a1cb_0.conda
      - conda: https://conda.anaconda.org/conda-forge/linux-64/ld_impl_linux-64-2.44-h1423503_1.conda
      - conda: https://conda.anaconda.org/conda-forge/linux-64/libffi-3.4.6-h2dba641_1.conda
      - conda: https://conda.anaconda.org/conda-forge/linux-64/libgcc-15.1.0-h767d61c_4.conda
      - conda: https://conda.anaconda.org/conda-forge/linux-64/libgcc-ng-15.1.0-h69a702a_4.conda
      - conda: https://conda.anaconda.org/conda-forge/linux-64/libgomp-15.1.0-h767d61c_4.conda
      - conda: https://conda.anaconda.org/conda-forge/linux-64/liblzma-5.8.1-hb9d3cd8_2.conda
      - conda: https://conda.anaconda.org/conda-forge/linux-64/liblzma-devel-5.8.1-hb9d3cd8_2.conda
      - conda: https://conda.anaconda.org/conda-forge/linux-64/libnsl-2.0.1-hb9d3cd8_1.conda
      - conda: https://conda.anaconda.org/conda-forge/linux-64/libsqlite-3.50.4-h0c1763c_0.conda
      - conda: https://conda.anaconda.org/conda-forge/linux-64/libuuid-2.38.1-h0b41bf4_0.conda
      - conda: https://conda.anaconda.org/conda-forge/linux-64/libxcrypt-4.4.36-hd590300_1.conda
      - conda: https://conda.anaconda.org/conda-forge/linux-64/libzlib-1.3.1-hb9d3cd8_2.conda
      - conda: https://conda.anaconda.org/conda-forge/linux-64/ncurses-6.5-h2d0b736_3.conda
      - conda: https://conda.anaconda.org/conda-forge/linux-64/openssl-3.5.2-h26f9b46_0.conda
      - conda: https://conda.anaconda.org/conda-forge/linux-64/python-3.8.20-h4a871b0_2_cpython.conda
      - conda: https://conda.anaconda.org/conda-forge/linux-64/readline-8.2-h8c095d6_2.conda
      - conda: https://conda.anaconda.org/conda-forge/linux-64/tk-8.6.13-noxft_hd72426e_102.conda
      - conda: https://conda.anaconda.org/conda-forge/linux-64/xz-5.8.1-hbcc6ac9_2.conda
      - conda: https://conda.anaconda.org/conda-forge/linux-64/xz-gpl-tools-5.8.1-hbcc6ac9_2.conda
      - conda: https://conda.anaconda.org/conda-forge/linux-64/xz-tools-5.8.1-hb9d3cd8_2.conda
      - pypi: https://files.pythonhosted.org/packages/7e/e8/64c37fadfc2816a7701fa8a6ed8d87327c7d54eacfbfb6edab14a2f2be75/cloudpickle-3.1.1-py3-none-any.whl
      - pypi: https://files.pythonhosted.org/packages/8e/71/7f20855592cc929bc206810432b991ec4c702dc26b0567b132e52c85536f/contourpy-1.1.1-cp38-cp38-manylinux_2_17_x86_64.manylinux2014_x86_64.whl
      - pypi: https://files.pythonhosted.org/packages/e7/05/c19819d5e3d95294a6f5947fb9b9629efb316b96de511b418c53d245aae6/cycler-0.12.1-py3-none-any.whl
      - pypi: https://files.pythonhosted.org/packages/a5/0e/b6314a09a4d561aaa7e09de43fa700917be91e701f07df6178865962666c/fonttools-4.57.0-cp38-cp38-manylinux_2_17_x86_64.manylinux2014_x86_64.whl
      - pypi: https://files.pythonhosted.org/packages/ab/b1/eb05a423eb801ab7d0715d6a3b28d92589e30b437052553df19ca2087240/gym-0.26.2.tar.gz
      - pypi: https://files.pythonhosted.org/packages/41/55/55d157aa8693090954fc9639bf27218240517c3bc7afa6e97412da6ebfd9/gym_notices-0.1.0-py3-none-any.whl
      - pypi: https://files.pythonhosted.org/packages/1e/b7/02adac4e42a691008b5cfb31db98c190e1fc348d1521b9be4429f9454ed1/imageio-2.35.1-py3-none-any.whl
      - pypi: https://files.pythonhosted.org/packages/a0/d9/a1e041c5e7caa9a05c925f4bdbdfb7f006d1f74996af53467bc394c97be7/importlib_metadata-8.5.0-py3-none-any.whl
      - pypi: https://files.pythonhosted.org/packages/e1/6a/4604f9ae2fa62ef47b9de2fa5ad599589d28c9fd1d335f32759813dfa91e/importlib_resources-6.4.5-py3-none-any.whl
      - pypi: https://files.pythonhosted.org/packages/76/36/ae40d7a3171e06f55ac77fe5536079e7be1d8be2a8210e08975c7f9b4d54/kiwisolver-1.4.7-cp38-cp38-manylinux_2_5_x86_64.manylinux1_x86_64.whl
      - pypi: https://files.pythonhosted.org/packages/83/60/d497a310bde3f01cb805196ac61b7ad6dc5dcf8dce66634dc34364b20b4f/lazy_loader-0.4-py3-none-any.whl
      - pypi: https://files.pythonhosted.org/packages/30/33/cc27211d2ffeee4fd7402dca137b6e8a83f6dcae3d4be8d0ad5068555561/matplotlib-3.7.5-cp38-cp38-manylinux_2_12_x86_64.manylinux2010_x86_64.whl
      - pypi: https://files.pythonhosted.org/packages/a8/05/9d4f9b78ead6b2661d6e8ea772e111fc4a9fbd866ad0c81906c11206b55e/networkx-3.1-py3-none-any.whl
      - pypi: https://files.pythonhosted.org/packages/98/5d/5738903efe0ecb73e51eb44feafba32bdba2081263d40c5043568ff60faf/numpy-1.24.4-cp38-cp38-manylinux_2_17_x86_64.manylinux2014_x86_64.whl
      - pypi: https://files.pythonhosted.org/packages/20/12/38679034af332785aac8774540895e234f4d07f7545804097de4b666afd8/packaging-25.0-py3-none-any.whl
      - pypi: https://files.pythonhosted.org/packages/f9/cc/dc33abafd9229554cec5d15749d5eff7889fc50a00f015e45cfea1128895/pddlgym-0.0.4-py3-none-any.whl
      - pypi: https://files.pythonhosted.org/packages/fb/ad/435fe29865f98a8fbdc64add8875a6e4f8c97749a93577a8919ec6f32c64/pillow-10.4.0-cp38-cp38-manylinux_2_28_x86_64.whl
      - pypi: https://files.pythonhosted.org/packages/66/e9/4d26f9efaf9b95609ee4f8357a3a306c3c6a40aea7c3ca5f28864615b1c7/pybullet-3.2.7-cp38-cp38-manylinux_2_17_x86_64.manylinux2014_x86_64.whl
      - pypi: https://files.pythonhosted.org/packages/e5/0c/0e3c05b1c87bb6a1c76d281b0f35e78d2d80ac91b5f8f524cebf77f51049/pyparsing-3.1.4-py3-none-any.whl
      - pypi: git+https://github.com/aibasel/pyperplan?branch=main#5c547b822dda1188505306dfcdd82281f1b884c5
      - pypi: https://files.pythonhosted.org/packages/ec/57/56b9bcc3c9c6a792fcbaf139543cee77261f3651ca9da0c93f5c1221264b/python_dateutil-2.9.0.post0-py2.py3-none-any.whl
      - pypi: https://files.pythonhosted.org/packages/88/4b/b2b2a6f51e47c091c221bfde976a01a7e5f20e7e5e6341b2b9c4db73d2ed/PyWavelets-1.4.1-cp38-cp38-manylinux_2_17_x86_64.manylinux2014_x86_64.whl
      - pypi: https://files.pythonhosted.org/packages/33/29/1d696450464d6e13358d3ef185a1fb14a11181c5dab1eb2837c02be86373/scikit_image-0.21.0-cp38-cp38-manylinux_2_17_x86_64.manylinux2014_x86_64.whl
      - pypi: https://files.pythonhosted.org/packages/69/f0/fb07a9548e48b687b8bf2fa81d71aba9cfc548d365046ca1c791e24db99d/scipy-1.10.1-cp38-cp38-manylinux_2_17_x86_64.manylinux2014_x86_64.whl
      - pypi: https://files.pythonhosted.org/packages/b7/ce/149a00dd41f10bc29e5921b496af8b574d8413afcd5e30dfa0ed46c2cc5e/six-1.17.0-py2.py3-none-any.whl
      - pypi: https://files.pythonhosted.org/packages/06/a3/68d17088a4f09565bc7341fd20490da8191ec4cddde479daaabbe07bb603/tifffile-2023.7.10-py3-none-any.whl
      - pypi: https://files.pythonhosted.org/packages/0b/2c/87f3254fd8ffd29e4c02732eee68a83a1d3c346ae39bc6822dcbcb697f2b/wheel-0.45.1-py3-none-any.whl
      - pypi: https://files.pythonhosted.org/packages/62/8b/5ba542fa83c90e09eac972fc9baca7a88e7e7ca4b221a89251954019308b/zipp-3.20.2-py3-none-any.whl
packages:
- conda: https://conda.anaconda.org/conda-forge/linux-64/_libgcc_mutex-0.1-conda_forge.tar.bz2
  sha256: fe51de6107f9edc7aa4f786a70f4a883943bc9d39b3bb7307c04c41410990726
  md5: d7c89558ba9fa0495403155b64376d81
  license: None
  purls: []
  size: 2562
  timestamp: 1578324546067
- conda: https://conda.anaconda.org/conda-forge/linux-64/_openmp_mutex-4.5-2_gnu.tar.bz2
  build_number: 16
  sha256: fbe2c5e56a653bebb982eda4876a9178aedfc2b545f25d0ce9c4c0b508253d22
  md5: 73aaf86a425cc6e73fcf236a5a46396d
  depends:
  - _libgcc_mutex 0.1 conda_forge
  - libgomp >=7.5.0
  constrains:
  - openmp_impl 9999
  license: BSD-3-Clause
  license_family: BSD
  purls: []
  size: 23621
  timestamp: 1650670423406
- conda: https://conda.anaconda.org/conda-forge/linux-64/bzip2-1.0.8-h4bc722e_7.conda
  sha256: 5ced96500d945fb286c9c838e54fa759aa04a7129c59800f0846b4335cee770d
  md5: 62ee74e96c5ebb0af99386de58cf9553
  depends:
  - __glibc >=2.17,<3.0.a0
  - libgcc-ng >=12
  license: bzip2-1.0.6
  license_family: BSD
  purls: []
  size: 252783
  timestamp: 1720974456583
- conda: https://conda.anaconda.org/conda-forge/noarch/ca-certificates-2025.8.3-hbd8a1cb_0.conda
  sha256: 837b795a2bb39b75694ba910c13c15fa4998d4bb2a622c214a6a5174b2ae53d1
  md5: 74784ee3d225fc3dca89edb635b4e5cc
  depends:
  - __unix
  license: ISC
  purls: []
  size: 154402
  timestamp: 1754210968730
- pypi: https://files.pythonhosted.org/packages/7e/e8/64c37fadfc2816a7701fa8a6ed8d87327c7d54eacfbfb6edab14a2f2be75/cloudpickle-3.1.1-py3-none-any.whl
  name: cloudpickle
  version: 3.1.1
  sha256: c8c5a44295039331ee9dad40ba100a9c7297b6f988e50e87ccdf3765a668350e
  requires_python: '>=3.8'
- pypi: https://files.pythonhosted.org/packages/8e/71/7f20855592cc929bc206810432b991ec4c702dc26b0567b132e52c85536f/contourpy-1.1.1-cp38-cp38-manylinux_2_17_x86_64.manylinux2014_x86_64.whl
  name: contourpy
  version: 1.1.1
  sha256: 41339b24471c58dc1499e56783fedc1afa4bb018bcd035cfb0ee2ad2a7501ef8
  requires_dist:
  - numpy>=1.16,<2.0 ; python_full_version < '3.12'
  - numpy>=1.26.0rc1,<2.0 ; python_full_version >= '3.12'
  - furo ; extra == 'docs'
  - sphinx>=7.2 ; extra == 'docs'
  - sphinx-copybutton ; extra == 'docs'
  - bokeh ; extra == 'bokeh'
  - selenium ; extra == 'bokeh'
  - contourpy[bokeh,docs] ; extra == 'mypy'
  - docutils-stubs ; extra == 'mypy'
  - mypy==1.4.1 ; extra == 'mypy'
  - types-pillow ; extra == 'mypy'
  - contourpy[test-no-images] ; extra == 'test'
  - matplotlib ; extra == 'test'
  - pillow ; extra == 'test'
  - pytest ; extra == 'test-no-images'
  - pytest-cov ; extra == 'test-no-images'
  - wurlitzer ; extra == 'test-no-images'
  requires_python: '>=3.8'
- pypi: https://files.pythonhosted.org/packages/e7/05/c19819d5e3d95294a6f5947fb9b9629efb316b96de511b418c53d245aae6/cycler-0.12.1-py3-none-any.whl
  name: cycler
  version: 0.12.1
  sha256: 85cef7cff222d8644161529808465972e51340599459b8ac3ccbac5a854e0d30
  requires_dist:
  - ipython ; extra == 'docs'
  - matplotlib ; extra == 'docs'
  - numpydoc ; extra == 'docs'
  - sphinx ; extra == 'docs'
  - pytest ; extra == 'tests'
  - pytest-cov ; extra == 'tests'
  - pytest-xdist ; extra == 'tests'
  requires_python: '>=3.8'
- pypi: https://files.pythonhosted.org/packages/a5/0e/b6314a09a4d561aaa7e09de43fa700917be91e701f07df6178865962666c/fonttools-4.57.0-cp38-cp38-manylinux_2_17_x86_64.manylinux2014_x86_64.whl
  name: fonttools
  version: 4.57.0
  sha256: a1968f2a2003c97c4ce6308dc2498d5fd4364ad309900930aa5a503c9851aec8
  requires_dist:
  - fs>=2.2.0,<3 ; extra == 'all'
  - lxml>=4.0 ; extra == 'all'
  - zopfli>=0.1.4 ; extra == 'all'
  - lz4>=1.7.4.2 ; extra == 'all'
  - pycairo ; extra == 'all'
  - matplotlib ; extra == 'all'
  - sympy ; extra == 'all'
  - skia-pathops>=0.5.0 ; extra == 'all'
  - uharfbuzz>=0.23.0 ; extra == 'all'
  - brotlicffi>=0.8.0 ; platform_python_implementation != 'CPython' and extra == 'all'
  - scipy ; platform_python_implementation != 'PyPy' and extra == 'all'
  - brotli>=1.0.1 ; platform_python_implementation == 'CPython' and extra == 'all'
  - munkres ; platform_python_implementation == 'PyPy' and extra == 'all'
  - unicodedata2>=15.1.0 ; python_full_version < '3.13' and extra == 'all'
  - xattr ; sys_platform == 'darwin' and extra == 'all'
  - lz4>=1.7.4.2 ; extra == 'graphite'
  - pycairo ; extra == 'interpolatable'
  - scipy ; platform_python_implementation != 'PyPy' and extra == 'interpolatable'
  - munkres ; platform_python_implementation == 'PyPy' and extra == 'interpolatable'
  - lxml>=4.0 ; extra == 'lxml'
  - skia-pathops>=0.5.0 ; extra == 'pathops'
  - matplotlib ; extra == 'plot'
  - uharfbuzz>=0.23.0 ; extra == 'repacker'
  - sympy ; extra == 'symfont'
  - xattr ; sys_platform == 'darwin' and extra == 'type1'
  - fs>=2.2.0,<3 ; extra == 'ufo'
  - unicodedata2>=15.1.0 ; python_full_version < '3.13' and extra == 'unicode'
  - zopfli>=0.1.4 ; extra == 'woff'
  - brotlicffi>=0.8.0 ; platform_python_implementation != 'CPython' and extra == 'woff'
  - brotli>=1.0.1 ; platform_python_implementation == 'CPython' and extra == 'woff'
  requires_python: '>=3.8'
- pypi: https://files.pythonhosted.org/packages/ab/b1/eb05a423eb801ab7d0715d6a3b28d92589e30b437052553df19ca2087240/gym-0.26.2.tar.gz
  name: gym
  version: 0.26.2
  sha256: e0d882f4b54f0c65f203104c24ab8a38b039f1289986803c7d02cdbe214fbcc4
  requires_dist:
  - numpy>=1.18.0
  - cloudpickle>=1.2.0
  - importlib-metadata>=4.8.0 ; python_full_version < '3.10'
  - gym-notices>=0.0.4
  - dataclasses==0.8 ; python_full_version == '3.6.*'
  - ale-py~=0.8.0 ; extra == 'atari'
  - autorom[accept-rom-license]~=0.4.2 ; extra == 'accept-rom-license'
  - box2d-py==2.3.5 ; extra == 'box2d'
  - pygame==2.1.0 ; extra == 'box2d'
  - swig==4.* ; extra == 'box2d'
  - pygame==2.1.0 ; extra == 'classic-control'
  - mujoco-py>=2.1,<2.2 ; extra == 'mujoco-py'
  - mujoco==2.2 ; extra == 'mujoco'
  - imageio>=2.14.1 ; extra == 'mujoco'
  - pygame==2.1.0 ; extra == 'toy-text'
  - lz4>=3.1.0 ; extra == 'other'
  - opencv-python>=3.0 ; extra == 'other'
  - matplotlib>=3.0 ; extra == 'other'
  - moviepy>=1.0.0 ; extra == 'other'
  - pygame==2.1.0 ; extra == 'testing'
  - lz4>=3.1.0 ; extra == 'testing'
  - box2d-py==2.3.5 ; extra == 'testing'
  - mujoco-py>=2.1,<2.2 ; extra == 'testing'
  - swig==4.* ; extra == 'testing'
  - matplotlib>=3.0 ; extra == 'testing'
  - moviepy>=1.0.0 ; extra == 'testing'
  - imageio>=2.14.1 ; extra == 'testing'
  - opencv-python>=3.0 ; extra == 'testing'
  - mujoco==2.2 ; extra == 'testing'
  - pytest==7.0.1 ; extra == 'testing'
  - pygame==2.1.0 ; extra == 'all'
  - lz4>=3.1.0 ; extra == 'all'
  - pytest==7.0.1 ; extra == 'all'
  - box2d-py==2.3.5 ; extra == 'all'
  - mujoco-py>=2.1,<2.2 ; extra == 'all'
  - swig==4.* ; extra == 'all'
  - matplotlib>=3.0 ; extra == 'all'
  - moviepy>=1.0.0 ; extra == 'all'
  - imageio>=2.14.1 ; extra == 'all'
  - opencv-python>=3.0 ; extra == 'all'
  - mujoco==2.2 ; extra == 'all'
  - ale-py~=0.8.0 ; extra == 'all'
  requires_python: '>=3.6'
- pypi: https://files.pythonhosted.org/packages/41/55/55d157aa8693090954fc9639bf27218240517c3bc7afa6e97412da6ebfd9/gym_notices-0.1.0-py3-none-any.whl
  name: gym-notices
  version: 0.1.0
  sha256: a943af4446cb619d04fd1e470b9272b4473e08a06d1c7cc9005755a4a0b8c905
- pypi: https://files.pythonhosted.org/packages/1e/b7/02adac4e42a691008b5cfb31db98c190e1fc348d1521b9be4429f9454ed1/imageio-2.35.1-py3-none-any.whl
  name: imageio
  version: 2.35.1
  sha256: 6eb2e5244e7a16b85c10b5c2fe0f7bf961b40fcb9f1a9fd1bd1d2c2f8fb3cd65
  requires_dist:
  - numpy
  - pillow>=8.3.2
  - astropy ; extra == 'all-plugins'
  - av ; extra == 'all-plugins'
  - imageio-ffmpeg ; extra == 'all-plugins'
  - psutil ; extra == 'all-plugins'
  - tifffile ; extra == 'all-plugins'
  - av ; extra == 'all-plugins-pypy'
  - imageio-ffmpeg ; extra == 'all-plugins-pypy'
  - psutil ; extra == 'all-plugins-pypy'
  - tifffile ; extra == 'all-plugins-pypy'
  - wheel ; extra == 'build'
  - pytest ; extra == 'dev'
  - pytest-cov ; extra == 'dev'
  - fsspec[github] ; extra == 'dev'
  - black ; extra == 'dev'
  - flake8 ; extra == 'dev'
  - sphinx<6 ; extra == 'docs'
  - numpydoc ; extra == 'docs'
  - pydata-sphinx-theme ; extra == 'docs'
  - imageio-ffmpeg ; extra == 'ffmpeg'
  - psutil ; extra == 'ffmpeg'
  - astropy ; extra == 'fits'
  - astropy ; extra == 'full'
  - av ; extra == 'full'
  - black ; extra == 'full'
  - flake8 ; extra == 'full'
  - fsspec[github] ; extra == 'full'
  - gdal ; extra == 'full'
  - imageio-ffmpeg ; extra == 'full'
  - itk ; extra == 'full'
  - numpy>2 ; extra == 'full'
  - numpydoc ; extra == 'full'
  - pillow-heif ; extra == 'full'
  - psutil ; extra == 'full'
  - pydata-sphinx-theme ; extra == 'full'
  - pytest ; extra == 'full'
  - pytest-cov ; extra == 'full'
  - rawpy ; extra == 'full'
  - sphinx<6 ; extra == 'full'
  - tifffile ; extra == 'full'
  - wheel ; extra == 'full'
  - gdal ; extra == 'gdal'
  - itk ; extra == 'itk'
  - black ; extra == 'linting'
  - flake8 ; extra == 'linting'
  - pillow-heif ; extra == 'pillow-heif'
  - av ; extra == 'pyav'
  - rawpy ; extra == 'rawpy'
  - numpy>2 ; extra == 'rawpy'
  - pytest ; extra == 'test'
  - pytest-cov ; extra == 'test'
  - fsspec[github] ; extra == 'test'
  - tifffile ; extra == 'tifffile'
  requires_python: '>=3.8'
- pypi: https://files.pythonhosted.org/packages/a0/d9/a1e041c5e7caa9a05c925f4bdbdfb7f006d1f74996af53467bc394c97be7/importlib_metadata-8.5.0-py3-none-any.whl
  name: importlib-metadata
  version: 8.5.0
  sha256: 45e54197d28b7a7f1559e60b95e7c567032b602131fbd588f1497f47880aa68b
  requires_dist:
  - zipp>=3.20
  - typing-extensions>=3.6.4 ; python_full_version < '3.8'
  - pytest-checkdocs>=2.4 ; extra == 'check'
  - pytest-ruff>=0.2.1 ; sys_platform != 'cygwin' and extra == 'check'
  - pytest-cov ; extra == 'cover'
  - sphinx>=3.5 ; extra == 'doc'
  - jaraco-packaging>=9.3 ; extra == 'doc'
  - rst-linker>=1.9 ; extra == 'doc'
  - furo ; extra == 'doc'
  - sphinx-lint ; extra == 'doc'
  - jaraco-tidelift>=1.4 ; extra == 'doc'
  - pytest-enabler>=2.2 ; extra == 'enabler'
  - ipython ; extra == 'perf'
  - pytest>=6,!=8.1.* ; extra == 'test'
  - packaging ; extra == 'test'
  - pyfakefs ; extra == 'test'
  - flufl-flake8 ; extra == 'test'
  - pytest-perf>=0.9.2 ; extra == 'test'
  - jaraco-test>=5.4 ; extra == 'test'
  - importlib-resources>=1.3 ; python_full_version < '3.9' and extra == 'test'
  - pytest-mypy ; extra == 'type'
  requires_python: '>=3.8'
- pypi: https://files.pythonhosted.org/packages/e1/6a/4604f9ae2fa62ef47b9de2fa5ad599589d28c9fd1d335f32759813dfa91e/importlib_resources-6.4.5-py3-none-any.whl
  name: importlib-resources
  version: 6.4.5
  sha256: ac29d5f956f01d5e4bb63102a5a19957f1b9175e45649977264a1416783bb717
  requires_dist:
  - zipp>=3.1.0 ; python_full_version < '3.10'
  - pytest-checkdocs>=2.4 ; extra == 'check'
  - pytest-ruff>=0.2.1 ; sys_platform != 'cygwin' and extra == 'check'
  - pytest-cov ; extra == 'cover'
  - sphinx>=3.5 ; extra == 'doc'
  - jaraco-packaging>=9.3 ; extra == 'doc'
  - rst-linker>=1.9 ; extra == 'doc'
  - furo ; extra == 'doc'
  - sphinx-lint ; extra == 'doc'
  - jaraco-tidelift>=1.4 ; extra == 'doc'
  - pytest-enabler>=2.2 ; extra == 'enabler'
  - pytest>=6,!=8.1.* ; extra == 'test'
  - zipp>=3.17 ; extra == 'test'
  - jaraco-test>=5.4 ; extra == 'test'
  - pytest-mypy ; extra == 'type'
  requires_python: '>=3.8'
- pypi: https://files.pythonhosted.org/packages/76/36/ae40d7a3171e06f55ac77fe5536079e7be1d8be2a8210e08975c7f9b4d54/kiwisolver-1.4.7-cp38-cp38-manylinux_2_5_x86_64.manylinux1_x86_64.whl
  name: kiwisolver
  version: 1.4.7
  sha256: a0f64a48bb81af7450e641e3fe0b0394d7381e342805479178b3d335d60ca7cf
  requires_python: '>=3.8'
- pypi: https://files.pythonhosted.org/packages/83/60/d497a310bde3f01cb805196ac61b7ad6dc5dcf8dce66634dc34364b20b4f/lazy_loader-0.4-py3-none-any.whl
  name: lazy-loader
  version: '0.4'
  sha256: 342aa8e14d543a154047afb4ba8ef17f5563baad3fc610d7b15b213b0f119efc
  requires_dist:
  - packaging
  - importlib-metadata ; python_full_version < '3.8'
  - changelist==0.5 ; extra == 'dev'
  - pre-commit==3.7.0 ; extra == 'lint'
  - pytest>=7.4 ; extra == 'test'
  - pytest-cov>=4.1 ; extra == 'test'
  requires_python: '>=3.7'
- conda: https://conda.anaconda.org/conda-forge/linux-64/ld_impl_linux-64-2.44-h1423503_1.conda
  sha256: 1a620f27d79217c1295049ba214c2f80372062fd251b569e9873d4a953d27554
  md5: 0be7c6e070c19105f966d3758448d018
  depends:
  - __glibc >=2.17,<3.0.a0
  constrains:
  - binutils_impl_linux-64 2.44
  license: GPL-3.0-only
  license_family: GPL
  purls: []
  size: 676044
  timestamp: 1752032747103
- conda: https://conda.anaconda.org/conda-forge/linux-64/libffi-3.4.6-h2dba641_1.conda
  sha256: 764432d32db45466e87f10621db5b74363a9f847d2b8b1f9743746cd160f06ab
  md5: ede4673863426c0883c0063d853bbd85
  depends:
  - __glibc >=2.17,<3.0.a0
  - libgcc >=13
  license: MIT
  license_family: MIT
  purls: []
  size: 57433
  timestamp: 1743434498161
- conda: https://conda.anaconda.org/conda-forge/linux-64/libgcc-15.1.0-h767d61c_4.conda
  sha256: 144e35c1c2840f2dc202f6915fc41879c19eddbb8fa524e3ca4aa0d14018b26f
  md5: f406dcbb2e7bef90d793e50e79a2882b
  depends:
  - __glibc >=2.17,<3.0.a0
  - _openmp_mutex >=4.5
  constrains:
  - libgcc-ng ==15.1.0=*_4
  - libgomp 15.1.0 h767d61c_4
  license: GPL-3.0-only WITH GCC-exception-3.1
  license_family: GPL
  purls: []
  size: 824153
  timestamp: 1753903866511
- conda: https://conda.anaconda.org/conda-forge/linux-64/libgcc-ng-15.1.0-h69a702a_4.conda
  sha256: 76ceac93ed98f208363d6e9c75011b0ff7b97b20f003f06461a619557e726637
  md5: 28771437ffcd9f3417c66012dc49a3be
  depends:
  - libgcc 15.1.0 h767d61c_4
  license: GPL-3.0-only WITH GCC-exception-3.1
  license_family: GPL
  purls: []
  size: 29249
  timestamp: 1753903872571
- conda: https://conda.anaconda.org/conda-forge/linux-64/libgomp-15.1.0-h767d61c_4.conda
  sha256: e0487a8fec78802ac04da0ac1139c3510992bc58a58cde66619dde3b363c2933
  md5: 3baf8976c96134738bba224e9ef6b1e5
  depends:
  - __glibc >=2.17,<3.0.a0
  license: GPL-3.0-only WITH GCC-exception-3.1
  license_family: GPL
  purls: []
  size: 447289
  timestamp: 1753903801049
- conda: https://conda.anaconda.org/conda-forge/linux-64/liblzma-5.8.1-hb9d3cd8_2.conda
  sha256: f2591c0069447bbe28d4d696b7fcb0c5bd0b4ac582769b89addbcf26fb3430d8
  md5: 1a580f7796c7bf6393fddb8bbbde58dc
  depends:
  - __glibc >=2.17,<3.0.a0
  - libgcc >=13
  constrains:
  - xz 5.8.1.*
  license: 0BSD
  purls: []
  size: 112894
  timestamp: 1749230047870
- conda: https://conda.anaconda.org/conda-forge/linux-64/liblzma-devel-5.8.1-hb9d3cd8_2.conda
  sha256: 329e66330a8f9cbb6a8d5995005478188eb4ba8a6b6391affa849744f4968492
  md5: f61edadbb301530bd65a32646bd81552
  depends:
  - __glibc >=2.17,<3.0.a0
  - libgcc >=13
  - liblzma 5.8.1 hb9d3cd8_2
  license: 0BSD
  purls: []
  size: 439868
  timestamp: 1749230061968
- conda: https://conda.anaconda.org/conda-forge/linux-64/libnsl-2.0.1-hb9d3cd8_1.conda
  sha256: 927fe72b054277cde6cb82597d0fcf6baf127dcbce2e0a9d8925a68f1265eef5
  md5: d864d34357c3b65a4b731f78c0801dc4
  depends:
  - __glibc >=2.17,<3.0.a0
  - libgcc >=13
  license: LGPL-2.1-only
  license_family: GPL
  purls: []
  size: 33731
  timestamp: 1750274110928
- conda: https://conda.anaconda.org/conda-forge/linux-64/libsqlite-3.50.4-h0c1763c_0.conda
  sha256: 6d9c32fc369af5a84875725f7ddfbfc2ace795c28f246dc70055a79f9b2003da
  md5: 0b367fad34931cb79e0d6b7e5c06bb1c
  depends:
  - __glibc >=2.17,<3.0.a0
  - libgcc >=14
  - libzlib >=1.3.1,<2.0a0
  license: blessing
  purls: []
  size: 932581
  timestamp: 1753948484112
- conda: https://conda.anaconda.org/conda-forge/linux-64/libuuid-2.38.1-h0b41bf4_0.conda
  sha256: 787eb542f055a2b3de553614b25f09eefb0a0931b0c87dbcce6efdfd92f04f18
  md5: 40b61aab5c7ba9ff276c41cfffe6b80b
  depends:
  - libgcc-ng >=12
  license: BSD-3-Clause
  license_family: BSD
  purls: []
  size: 33601
  timestamp: 1680112270483
- conda: https://conda.anaconda.org/conda-forge/linux-64/libxcrypt-4.4.36-hd590300_1.conda
  sha256: 6ae68e0b86423ef188196fff6207ed0c8195dd84273cb5623b85aa08033a410c
  md5: 5aa797f8787fe7a17d1b0821485b5adc
  depends:
  - libgcc-ng >=12
  license: LGPL-2.1-or-later
  purls: []
  size: 100393
  timestamp: 1702724383534
- conda: https://conda.anaconda.org/conda-forge/linux-64/libzlib-1.3.1-hb9d3cd8_2.conda
  sha256: d4bfe88d7cb447768e31650f06257995601f89076080e76df55e3112d4e47dc4
  md5: edb0dca6bc32e4f4789199455a1dbeb8
  depends:
  - __glibc >=2.17,<3.0.a0
  - libgcc >=13
  constrains:
  - zlib 1.3.1 *_2
  license: Zlib
  license_family: Other
  purls: []
  size: 60963
  timestamp: 1727963148474
- pypi: https://files.pythonhosted.org/packages/30/33/cc27211d2ffeee4fd7402dca137b6e8a83f6dcae3d4be8d0ad5068555561/matplotlib-3.7.5-cp38-cp38-manylinux_2_12_x86_64.manylinux2010_x86_64.whl
  name: matplotlib
  version: 3.7.5
  sha256: 53e64522934df6e1818b25fd48cf3b645b11740d78e6ef765fbb5fa5ce080d02
  requires_dist:
  - contourpy>=1.0.1
  - cycler>=0.10
  - fonttools>=4.22.0
  - kiwisolver>=1.0.1
  - numpy>=1.20,<2
  - packaging>=20.0
  - pillow>=6.2.0
  - pyparsing>=2.3.1
  - python-dateutil>=2.7
  - importlib-resources>=3.2.0 ; python_full_version < '3.10'
  requires_python: '>=3.8'
- conda: https://conda.anaconda.org/conda-forge/linux-64/ncurses-6.5-h2d0b736_3.conda
  sha256: 3fde293232fa3fca98635e1167de6b7c7fda83caf24b9d6c91ec9eefb4f4d586
  md5: 47e340acb35de30501a76c7c799c41d7
  depends:
  - __glibc >=2.17,<3.0.a0
  - libgcc >=13
  license: X11 AND BSD-3-Clause
  purls: []
  size: 891641
  timestamp: 1738195959188
- pypi: https://files.pythonhosted.org/packages/a8/05/9d4f9b78ead6b2661d6e8ea772e111fc4a9fbd866ad0c81906c11206b55e/networkx-3.1-py3-none-any.whl
  name: networkx
  version: '3.1'
  sha256: 4f33f68cb2afcf86f28a45f43efc27a9386b535d567d2127f8f61d51dec58d36
  requires_dist:
  - numpy>=1.20 ; extra == 'default'
  - scipy>=1.8 ; extra == 'default'
  - matplotlib>=3.4 ; extra == 'default'
  - pandas>=1.3 ; extra == 'default'
  - pre-commit>=3.2 ; extra == 'developer'
  - mypy>=1.1 ; extra == 'developer'
  - sphinx>=6.1 ; extra == 'doc'
  - pydata-sphinx-theme>=0.13 ; extra == 'doc'
  - sphinx-gallery>=0.12 ; extra == 'doc'
  - numpydoc>=1.5 ; extra == 'doc'
  - pillow>=9.4 ; extra == 'doc'
  - nb2plots>=0.6 ; extra == 'doc'
  - texext>=0.6.7 ; extra == 'doc'
  - lxml>=4.6 ; extra == 'extra'
  - pygraphviz>=1.10 ; extra == 'extra'
  - pydot>=1.4.2 ; extra == 'extra'
  - sympy>=1.10 ; extra == 'extra'
  - pytest>=7.2 ; extra == 'test'
  - pytest-cov>=4.0 ; extra == 'test'
  - codecov>=2.1 ; extra == 'test'
  requires_python: '>=3.8'
- pypi: https://files.pythonhosted.org/packages/98/5d/5738903efe0ecb73e51eb44feafba32bdba2081263d40c5043568ff60faf/numpy-1.24.4-cp38-cp38-manylinux_2_17_x86_64.manylinux2014_x86_64.whl
  name: numpy
  version: 1.24.4
  sha256: dd80e219fd4c71fc3699fc1dadac5dcf4fd882bfc6f7ec53d30fa197b8ee22dc
  requires_python: '>=3.8'
- conda: https://conda.anaconda.org/conda-forge/linux-64/openssl-3.5.2-h26f9b46_0.conda
  sha256: c9f54d4e8212f313be7b02eb962d0cb13a8dae015683a403d3accd4add3e520e
  md5: ffffb341206dd0dab0c36053c048d621
  depends:
  - __glibc >=2.17,<3.0.a0
  - ca-certificates
  - libgcc >=14
  license: Apache-2.0
  license_family: Apache
  purls: []
  size: 3128847
  timestamp: 1754465526100
- pypi: https://files.pythonhosted.org/packages/20/12/38679034af332785aac8774540895e234f4d07f7545804097de4b666afd8/packaging-25.0-py3-none-any.whl
  name: packaging
  version: '25.0'
  sha256: 29572ef2b1f17581046b3a2227d5c611fb25ec70ca1ba8554b24b0e69331a484
  requires_python: '>=3.8'
- pypi: https://files.pythonhosted.org/packages/f9/cc/dc33abafd9229554cec5d15749d5eff7889fc50a00f015e45cfea1128895/pddlgym-0.0.4-py3-none-any.whl
  name: pddlgym
  version: 0.0.4
  sha256: 87091867870e7aacff5b303bb5f768a7d485e3a625f7b151322fa828cf6aae99
  requires_dist:
  - matplotlib
  - pillow
  - gym
  - imageio
  - scikit-image
- pypi: https://files.pythonhosted.org/packages/fb/ad/435fe29865f98a8fbdc64add8875a6e4f8c97749a93577a8919ec6f32c64/pillow-10.4.0-cp38-cp38-manylinux_2_28_x86_64.whl
  name: pillow
  version: 10.4.0
  sha256: 950be4d8ba92aca4b2bb0741285a46bfae3ca699ef913ec8416c1b78eadd64cd
  requires_dist:
  - furo ; extra == 'docs'
  - olefile ; extra == 'docs'
  - sphinx>=7.3 ; extra == 'docs'
  - sphinx-copybutton ; extra == 'docs'
  - sphinx-inline-tabs ; extra == 'docs'
  - sphinxext-opengraph ; extra == 'docs'
  - olefile ; extra == 'fpx'
  - olefile ; extra == 'mic'
  - check-manifest ; extra == 'tests'
  - coverage ; extra == 'tests'
  - defusedxml ; extra == 'tests'
  - markdown2 ; extra == 'tests'
  - olefile ; extra == 'tests'
  - packaging ; extra == 'tests'
  - pyroma ; extra == 'tests'
  - pytest ; extra == 'tests'
  - pytest-cov ; extra == 'tests'
  - pytest-timeout ; extra == 'tests'
  - typing-extensions ; python_full_version < '3.10' and extra == 'typing'
  - defusedxml ; extra == 'xmp'
  requires_python: '>=3.8'
- pypi: https://files.pythonhosted.org/packages/66/e9/4d26f9efaf9b95609ee4f8357a3a306c3c6a40aea7c3ca5f28864615b1c7/pybullet-3.2.7-cp38-cp38-manylinux_2_17_x86_64.manylinux2014_x86_64.whl
  name: pybullet
  version: 3.2.7
  sha256: 637be83db2405d4f058a1125bd56bc954f355ff15e519a6738c00d4be3741c4e
- pypi: https://files.pythonhosted.org/packages/e5/0c/0e3c05b1c87bb6a1c76d281b0f35e78d2d80ac91b5f8f524cebf77f51049/pyparsing-3.1.4-py3-none-any.whl
  name: pyparsing
  version: 3.1.4
  sha256: a6a7ee4235a3f944aa1fa2249307708f893fe5717dc603503c6c7969c070fb7c
  requires_dist:
  - railroad-diagrams ; extra == 'diagrams'
  - jinja2 ; extra == 'diagrams'
  requires_python: '>=3.6.8'
- pypi: git+https://github.com/aibasel/pyperplan?branch=main#5c547b822dda1188505306dfcdd82281f1b884c5
  name: pyperplan
  version: '2.1'
  requires_dist:
  - wheel
  requires_python: '>=3.7'
- conda: https://conda.anaconda.org/conda-forge/linux-64/python-3.8.20-h4a871b0_2_cpython.conda
  build_number: 2
  sha256: 8043dcdb29e1e026d0def1056620d81b24c04f71fd98cc45888c58373b479845
  md5: 05ffff2f44ad60b94ecb53d029c6bdf7
  depends:
  - __glibc >=2.17,<3.0.a0
  - bzip2 >=1.0.8,<2.0a0
  - ld_impl_linux-64 >=2.36.1
  - libffi >=3.4,<4.0a0
  - libgcc >=13
  - libnsl >=2.0.1,<2.1.0a0
  - libsqlite >=3.46.1,<4.0a0
  - libuuid >=2.38.1,<3.0a0
  - libxcrypt >=4.4.36
  - libzlib >=1.3.1,<2.0a0
  - ncurses >=6.5,<7.0a0
  - openssl >=3.3.2,<4.0a0
  - readline >=8.2,<9.0a0
  - tk >=8.6.13,<8.7.0a0
  - xz >=5.2.6,<6.0a0
  constrains:
  - python_abi 3.8.* *_cp38
  license: Python-2.0
  purls: []
  size: 22176012
  timestamp: 1727719857908
- pypi: https://files.pythonhosted.org/packages/ec/57/56b9bcc3c9c6a792fcbaf139543cee77261f3651ca9da0c93f5c1221264b/python_dateutil-2.9.0.post0-py2.py3-none-any.whl
  name: python-dateutil
  version: 2.9.0.post0
  sha256: a8b2bc7bffae282281c8140a97d3aa9c14da0b136dfe83f850eea9a5f7470427
  requires_dist:
  - six>=1.5
  requires_python: '>=2.7,!=3.0.*,!=3.1.*,!=3.2.*'
- pypi: https://files.pythonhosted.org/packages/88/4b/b2b2a6f51e47c091c221bfde976a01a7e5f20e7e5e6341b2b9c4db73d2ed/PyWavelets-1.4.1-cp38-cp38-manylinux_2_17_x86_64.manylinux2014_x86_64.whl
  name: pywavelets
  version: 1.4.1
  sha256: 058b46434eac4c04dd89aeef6fa39e4b6496a951d78c500b6641fd5b2cc2f9f4
  requires_dist:
  - numpy>=1.17.3
  requires_python: '>=3.8'
- conda: https://conda.anaconda.org/conda-forge/linux-64/readline-8.2-h8c095d6_2.conda
  sha256: 2d6d0c026902561ed77cd646b5021aef2d4db22e57a5b0178dfc669231e06d2c
  md5: 283b96675859b20a825f8fa30f311446
  depends:
  - libgcc >=13
  - ncurses >=6.5,<7.0a0
  license: GPL-3.0-only
  license_family: GPL
  purls: []
  size: 282480
  timestamp: 1740379431762
- pypi: https://files.pythonhosted.org/packages/33/29/1d696450464d6e13358d3ef185a1fb14a11181c5dab1eb2837c02be86373/scikit_image-0.21.0-cp38-cp38-manylinux_2_17_x86_64.manylinux2014_x86_64.whl
  name: scikit-image
  version: 0.21.0
  sha256: 2b0d6ed6502cca0c9719c444caafa0b8cda0f9e29e01ca42f621a240073284be
  requires_dist:
  - numpy>=1.21.1
  - scipy>=1.8
  - networkx>=2.8
  - pillow>=9.0.1
  - imageio>=2.27
  - tifffile>=2022.8.12
  - pywavelets>=1.1.1
  - packaging>=21
  - lazy-loader>=0.2
  - meson-python>=0.13 ; extra == 'build'
  - wheel ; extra == 'build'
  - setuptools>=67 ; extra == 'build'
  - packaging>=21 ; extra == 'build'
  - ninja ; extra == 'build'
  - cython>=0.29.32 ; extra == 'build'
  - pythran ; extra == 'build'
  - numpy>=1.21.1 ; extra == 'build'
  - spin==0.3 ; extra == 'build'
  - build ; extra == 'build'
  - pooch>=1.6.0 ; extra == 'data'
  - numpy>=1.21.1 ; extra == 'default'
  - scipy>=1.8 ; extra == 'default'
  - networkx>=2.8 ; extra == 'default'
  - pillow>=9.0.1 ; extra == 'default'
  - imageio>=2.27 ; extra == 'default'
  - tifffile>=2022.8.12 ; extra == 'default'
  - pywavelets>=1.1.1 ; extra == 'default'
  - packaging>=21 ; extra == 'default'
  - lazy-loader>=0.2 ; extra == 'default'
  - pre-commit ; extra == 'developer'
  - rtoml ; extra == 'developer'
  - sphinx>=5.0 ; extra == 'docs'
  - sphinx-gallery>=0.11 ; extra == 'docs'
  - numpydoc>=1.5 ; extra == 'docs'
  - sphinx-copybutton ; extra == 'docs'
  - pytest-runner ; extra == 'docs'
  - matplotlib>=3.5 ; extra == 'docs'
  - dask[array]>=2022.9.2 ; extra == 'docs'
  - pandas>=1.5 ; extra == 'docs'
  - seaborn>=0.11 ; extra == 'docs'
  - pooch>=1.6 ; extra == 'docs'
  - tifffile>=2022.8.12 ; extra == 'docs'
  - myst-parser ; extra == 'docs'
  - ipywidgets ; extra == 'docs'
  - ipykernel ; extra == 'docs'
  - plotly>=5.10 ; extra == 'docs'
  - kaleido ; extra == 'docs'
  - scikit-learn>=0.24.0 ; extra == 'docs'
  - sphinx-design>=0.3 ; extra == 'docs'
  - pydata-sphinx-theme>=0.13 ; extra == 'docs'
  - simpleitk ; extra == 'optional'
  - astropy>=5.0 ; extra == 'optional'
  - cloudpickle>=0.2.1 ; extra == 'optional'
  - dask[array]>=2021.1.0 ; extra == 'optional'
  - matplotlib>=3.5 ; extra == 'optional'
  - pooch>=1.6.0 ; extra == 'optional'
  - pyamg ; extra == 'optional'
  - scikit-learn>=0.24.0 ; extra == 'optional'
  - asv ; extra == 'test'
  - matplotlib>=3.5 ; extra == 'test'
  - pooch>=1.6.0 ; extra == 'test'
  - pytest>=7.0 ; extra == 'test'
  - pytest-cov>=2.11.0 ; extra == 'test'
  - pytest-localserver ; extra == 'test'
  - pytest-faulthandler ; extra == 'test'
  requires_python: '>=3.8'
- pypi: https://files.pythonhosted.org/packages/69/f0/fb07a9548e48b687b8bf2fa81d71aba9cfc548d365046ca1c791e24db99d/scipy-1.10.1-cp38-cp38-manylinux_2_17_x86_64.manylinux2014_x86_64.whl
  name: scipy
  version: 1.10.1
  sha256: 07c3457ce0b3ad5124f98a86533106b643dd811dd61b548e78cf4c8786652f6f
  requires_dist:
  - numpy>=1.19.5,<1.27.0
  - pytest ; extra == 'test'
  - pytest-cov ; extra == 'test'
  - pytest-timeout ; extra == 'test'
  - pytest-xdist ; extra == 'test'
  - asv ; extra == 'test'
  - mpmath ; extra == 'test'
  - gmpy2 ; extra == 'test'
  - threadpoolctl ; extra == 'test'
  - scikit-umfpack ; extra == 'test'
  - pooch ; extra == 'test'
  - sphinx!=4.1.0 ; extra == 'doc'
  - pydata-sphinx-theme==0.9.0 ; extra == 'doc'
  - sphinx-design>=0.2.0 ; extra == 'doc'
  - matplotlib>2 ; extra == 'doc'
  - numpydoc ; extra == 'doc'
  - mypy ; extra == 'dev'
  - typing-extensions ; extra == 'dev'
  - pycodestyle ; extra == 'dev'
  - flake8 ; extra == 'dev'
  - rich-click ; extra == 'dev'
  - click ; extra == 'dev'
  - doit>=0.36.0 ; extra == 'dev'
  - pydevtool ; extra == 'dev'
  requires_python: '>=3.8,<3.12'
- pypi: https://files.pythonhosted.org/packages/b7/ce/149a00dd41f10bc29e5921b496af8b574d8413afcd5e30dfa0ed46c2cc5e/six-1.17.0-py2.py3-none-any.whl
  name: six
  version: 1.17.0
  sha256: 4721f391ed90541fddacab5acf947aa0d3dc7d27b2e1e8eda2be8970586c3274
  requires_python: '>=2.7,!=3.0.*,!=3.1.*,!=3.2.*'
- pypi: https://files.pythonhosted.org/packages/06/a3/68d17088a4f09565bc7341fd20490da8191ec4cddde479daaabbe07bb603/tifffile-2023.7.10-py3-none-any.whl
  name: tifffile
  version: 2023.7.10
  sha256: 94dfdec321ace96abbfe872a66cfd824800c099a2db558443453eebc2c11b304
  requires_dist:
  - numpy
  - imagecodecs>=2023.1.23 ; extra == 'all'
  - matplotlib ; extra == 'all'
  - defusedxml ; extra == 'all'
  - lxml ; extra == 'all'
  - zarr ; extra == 'all'
  - fsspec ; extra == 'all'
  requires_python: '>=3.8'
- conda: https://conda.anaconda.org/conda-forge/linux-64/tk-8.6.13-noxft_hd72426e_102.conda
  sha256: a84ff687119e6d8752346d1d408d5cf360dee0badd487a472aa8ddedfdc219e1
  md5: a0116df4f4ed05c303811a837d5b39d8
  depends:
  - __glibc >=2.17,<3.0.a0
  - libgcc >=13
  - libzlib >=1.3.1,<2.0a0
  license: TCL
  license_family: BSD
  purls: []
  size: 3285204
  timestamp: 1748387766691
- pypi: https://files.pythonhosted.org/packages/0b/2c/87f3254fd8ffd29e4c02732eee68a83a1d3c346ae39bc6822dcbcb697f2b/wheel-0.45.1-py3-none-any.whl
  name: wheel
  version: 0.45.1
  sha256: 708e7481cc80179af0e556bbf0cc00b8444c7321e2700b8d8580231d13017248
  requires_dist:
  - pytest>=6.0.0 ; extra == 'test'
  - setuptools>=65 ; extra == 'test'
  requires_python: '>=3.8'
- conda: https://conda.anaconda.org/conda-forge/linux-64/xz-5.8.1-hbcc6ac9_2.conda
  sha256: 802725371682ea06053971db5b4fb7fbbcaee9cb1804ec688f55e51d74660617
  md5: 68eae977d7d1196d32b636a026dc015d
  depends:
  - __glibc >=2.17,<3.0.a0
  - libgcc >=13
  - liblzma 5.8.1 hb9d3cd8_2
  - liblzma-devel 5.8.1 hb9d3cd8_2
  - xz-gpl-tools 5.8.1 hbcc6ac9_2
  - xz-tools 5.8.1 hb9d3cd8_2
  license: 0BSD AND LGPL-2.1-or-later AND GPL-2.0-or-later
  purls: []
  size: 23987
  timestamp: 1749230104359
- conda: https://conda.anaconda.org/conda-forge/linux-64/xz-gpl-tools-5.8.1-hbcc6ac9_2.conda
  sha256: 840838dca829ec53f1160f3fca6dbfc43f2388b85f15d3e867e69109b168b87b
  md5: bf627c16aa26231720af037a2709ab09
  depends:
  - __glibc >=2.17,<3.0.a0
  - libgcc >=13
  - liblzma 5.8.1 hb9d3cd8_2
  constrains:
  - xz 5.8.1.*
  license: 0BSD AND LGPL-2.1-or-later AND GPL-2.0-or-later
  purls: []
  size: 33911
  timestamp: 1749230090353
- conda: https://conda.anaconda.org/conda-forge/linux-64/xz-tools-5.8.1-hb9d3cd8_2.conda
  sha256: 58034f3fca491075c14e61568ad8b25de00cb3ae479de3e69be6d7ee5d3ace28
  md5: 1bad2995c8f1c8075c6c331bf96e46fb
  depends:
  - __glibc >=2.17,<3.0.a0
  - libgcc >=13
  - liblzma 5.8.1 hb9d3cd8_2
  constrains:
  - xz 5.8.1.*
  license: 0BSD AND LGPL-2.1-or-later
  purls: []
  size: 96433
  timestamp: 1749230076687
- pypi: https://files.pythonhosted.org/packages/62/8b/5ba542fa83c90e09eac972fc9baca7a88e7e7ca4b221a89251954019308b/zipp-3.20.2-py3-none-any.whl
  name: zipp
  version: 3.20.2
  sha256: a817ac80d6cf4b23bf7f2828b7cabf326f15a001bea8b1f9b49631780ba28350
  requires_dist:
  - pytest-checkdocs>=2.4 ; extra == 'check'
  - pytest-ruff>=0.2.1 ; sys_platform != 'cygwin' and extra == 'check'
  - pytest-cov ; extra == 'cover'
  - sphinx>=3.5 ; extra == 'doc'
  - jaraco-packaging>=9.3 ; extra == 'doc'
  - rst-linker>=1.9 ; extra == 'doc'
  - furo ; extra == 'doc'
  - sphinx-lint ; extra == 'doc'
  - jaraco-tidelift>=1.4 ; extra == 'doc'
  - pytest-enabler>=2.2 ; extra == 'enabler'
  - pytest>=6,!=8.1.* ; extra == 'test'
  - jaraco-itertools ; extra == 'test'
  - jaraco-functools ; extra == 'test'
  - more-itertools ; extra == 'test'
  - big-o ; extra == 'test'
  - pytest-ignore-flaky ; extra == 'test'
  - jaraco-test ; extra == 'test'
  - importlib-resources ; python_full_version < '3.9' and extra == 'test'
  - pytest-mypy ; extra == 'type'
  requires_python: '>=3.8'
